// !$*UTF8*$!
{
	archiveVersion = 1;
	classes = {
	};
	objectVersion = 56;
	objects = {

/* Begin PBXBuildFile section */
		1789799A29A3CFAE0082FD84 /* chips.mp3 in Resources */ = {isa = PBXBuildFile; fileRef = 1789799929A3CFAE0082FD84 /* chips.mp3 */; };
		1789799C29ABC1A10082FD84 /* TableGame.swift in Sources */ = {isa = PBXBuildFile; fileRef = 1789799B29ABC1A10082FD84 /* TableGame.swift */; };
		1789799F29ABC6000082FD84 /* ColorSettings.swift in Sources */ = {isa = PBXBuildFile; fileRef = 1789799E29ABC6000082FD84 /* ColorSettings.swift */; };
		178979A129ABCF040082FD84 /* Lobby.swift in Sources */ = {isa = PBXBuildFile; fileRef = 178979A029ABCF040082FD84 /* Lobby.swift */; };
		178979A329ABDE0F0082FD84 /* HiLowGameScene.swift in Sources */ = {isa = PBXBuildFile; fileRef = 178979A229ABDE0F0082FD84 /* HiLowGameScene.swift */; };
		178979A629AC10A60082FD84 /* LineNavBar.swift in Sources */ = {isa = PBXBuildFile; fileRef = 178979A529AC10A60082FD84 /* LineNavBar.swift */; };
		178979A829AC11CA0082FD84 /* Bet.swift in Sources */ = {isa = PBXBuildFile; fileRef = 178979A729AC11CA0082FD84 /* Bet.swift */; };
		178979AA29AC14EC0082FD84 /* PlayingCardView.swift in Sources */ = {isa = PBXBuildFile; fileRef = 178979A929AC14EC0082FD84 /* PlayingCardView.swift */; };
		178979AC29AC30370082FD84 /* BackSidePlayingCard.swift in Sources */ = {isa = PBXBuildFile; fileRef = 178979AB29AC30370082FD84 /* BackSidePlayingCard.swift */; };
		178979AE29AC36FC0082FD84 /* UserPick.swift in Sources */ = {isa = PBXBuildFile; fileRef = 178979AD29AC36FC0082FD84 /* UserPick.swift */; };
		178979B029AE95FD0082FD84 /* BetStatus.swift in Sources */ = {isa = PBXBuildFile; fileRef = 178979AF29AE95FD0082FD84 /* BetStatus.swift */; };
		178979B229AE9B8B0082FD84 /* ShowCard.swift in Sources */ = {isa = PBXBuildFile; fileRef = 178979B129AE9B8B0082FD84 /* ShowCard.swift */; };
		178979B429AEA2940082FD84 /* CardHistoryView.swift in Sources */ = {isa = PBXBuildFile; fileRef = 178979B329AEA2940082FD84 /* CardHistoryView.swift */; };
		178979B629B164170082FD84 /* ChipsComponents.swift in Sources */ = {isa = PBXBuildFile; fileRef = 178979B529B164170082FD84 /* ChipsComponents.swift */; };
		EF390F9129986EA9002632F2 /* diceRollSound.mp3 in Resources */ = {isa = PBXBuildFile; fileRef = EF390F9029986EA9002632F2 /* diceRollSound.mp3 */; };
		EF390F9629987199002632F2 /* Cards.swift in Sources */ = {isa = PBXBuildFile; fileRef = EF390F9529987199002632F2 /* Cards.swift */; };
		EF390F98299876C0002632F2 /* HighLow.swift in Sources */ = {isa = PBXBuildFile; fileRef = EF390F97299876C0002632F2 /* HighLow.swift */; };
		EF390F9A29987A80002632F2 /* Chip.swift in Sources */ = {isa = PBXBuildFile; fileRef = EF390F9929987A80002632F2 /* Chip.swift */; };
		EF390F9D29987B8F002632F2 /* ChipView.swift in Sources */ = {isa = PBXBuildFile; fileRef = EF390F9C29987B8F002632F2 /* ChipView.swift */; };
		EF390F9F2999300E002632F2 /* DiceRollGameView.swift in Sources */ = {isa = PBXBuildFile; fileRef = EF390F9E2999300E002632F2 /* DiceRollGameView.swift */; };
		EF390FA129996091002632F2 /* HiLo.swift in Sources */ = {isa = PBXBuildFile; fileRef = EF390FA029996091002632F2 /* HiLo.swift */; };
		EF7417D3299859430067D085 /* BrazenGamesApp.swift in Sources */ = {isa = PBXBuildFile; fileRef = EF7417D2299859430067D085 /* BrazenGamesApp.swift */; };
		EF7417D5299859430067D085 /* ContentView.swift in Sources */ = {isa = PBXBuildFile; fileRef = EF7417D4299859430067D085 /* ContentView.swift */; };
		EF7417D7299859470067D085 /* Assets.xcassets in Resources */ = {isa = PBXBuildFile; fileRef = EF7417D6299859470067D085 /* Assets.xcassets */; };
		EF7417DA299859470067D085 /* Preview Assets.xcassets in Resources */ = {isa = PBXBuildFile; fileRef = EF7417D9299859470067D085 /* Preview Assets.xcassets */; };
/* End PBXBuildFile section */

/* Begin PBXFileReference section */
		1789799929A3CFAE0082FD84 /* chips.mp3 */ = {isa = PBXFileReference; lastKnownFileType = audio.mp3; path = chips.mp3; sourceTree = "<group>"; };
		1789799B29ABC1A10082FD84 /* TableGame.swift */ = {isa = PBXFileReference; lastKnownFileType = sourcecode.swift; path = TableGame.swift; sourceTree = "<group>"; };
		1789799E29ABC6000082FD84 /* ColorSettings.swift */ = {isa = PBXFileReference; lastKnownFileType = sourcecode.swift; path = ColorSettings.swift; sourceTree = "<group>"; };
		178979A029ABCF040082FD84 /* Lobby.swift */ = {isa = PBXFileReference; lastKnownFileType = sourcecode.swift; path = Lobby.swift; sourceTree = "<group>"; };
		178979A229ABDE0F0082FD84 /* HiLowGameScene.swift */ = {isa = PBXFileReference; lastKnownFileType = sourcecode.swift; path = HiLowGameScene.swift; sourceTree = "<group>"; };
		178979A529AC10A60082FD84 /* LineNavBar.swift */ = {isa = PBXFileReference; lastKnownFileType = sourcecode.swift; path = LineNavBar.swift; sourceTree = "<group>"; };
		178979A729AC11CA0082FD84 /* Bet.swift */ = {isa = PBXFileReference; lastKnownFileType = sourcecode.swift; path = Bet.swift; sourceTree = "<group>"; };
		178979A929AC14EC0082FD84 /* PlayingCardView.swift */ = {isa = PBXFileReference; lastKnownFileType = sourcecode.swift; path = PlayingCardView.swift; sourceTree = "<group>"; };
		178979AB29AC30370082FD84 /* BackSidePlayingCard.swift */ = {isa = PBXFileReference; lastKnownFileType = sourcecode.swift; path = BackSidePlayingCard.swift; sourceTree = "<group>"; };
		178979AD29AC36FC0082FD84 /* UserPick.swift */ = {isa = PBXFileReference; lastKnownFileType = sourcecode.swift; path = UserPick.swift; sourceTree = "<group>"; };
		178979AF29AE95FD0082FD84 /* BetStatus.swift */ = {isa = PBXFileReference; lastKnownFileType = sourcecode.swift; path = BetStatus.swift; sourceTree = "<group>"; };
		178979B129AE9B8B0082FD84 /* ShowCard.swift */ = {isa = PBXFileReference; lastKnownFileType = sourcecode.swift; path = ShowCard.swift; sourceTree = "<group>"; };
		178979B329AEA2940082FD84 /* CardHistoryView.swift */ = {isa = PBXFileReference; lastKnownFileType = sourcecode.swift; path = CardHistoryView.swift; sourceTree = "<group>"; };
		178979B529B164170082FD84 /* ChipsComponents.swift */ = {isa = PBXFileReference; lastKnownFileType = sourcecode.swift; path = ChipsComponents.swift; sourceTree = "<group>"; };
		EF390F9029986EA9002632F2 /* diceRollSound.mp3 */ = {isa = PBXFileReference; lastKnownFileType = audio.mp3; path = diceRollSound.mp3; sourceTree = "<group>"; };
		EF390F9529987199002632F2 /* Cards.swift */ = {isa = PBXFileReference; lastKnownFileType = sourcecode.swift; path = Cards.swift; sourceTree = "<group>"; };
		EF390F97299876C0002632F2 /* HighLow.swift */ = {isa = PBXFileReference; lastKnownFileType = sourcecode.swift; path = HighLow.swift; sourceTree = "<group>"; };
		EF390F9929987A80002632F2 /* Chip.swift */ = {isa = PBXFileReference; lastKnownFileType = sourcecode.swift; path = Chip.swift; sourceTree = "<group>"; };
		EF390F9C29987B8F002632F2 /* ChipView.swift */ = {isa = PBXFileReference; lastKnownFileType = sourcecode.swift; path = ChipView.swift; sourceTree = "<group>"; };
		EF390F9E2999300E002632F2 /* DiceRollGameView.swift */ = {isa = PBXFileReference; lastKnownFileType = sourcecode.swift; path = DiceRollGameView.swift; sourceTree = "<group>"; };
		EF390FA029996091002632F2 /* HiLo.swift */ = {isa = PBXFileReference; lastKnownFileType = sourcecode.swift; path = HiLo.swift; sourceTree = "<group>"; };
		EF7417CF299859430067D085 /* BrazenGames.app */ = {isa = PBXFileReference; explicitFileType = wrapper.application; includeInIndex = 0; path = BrazenGames.app; sourceTree = BUILT_PRODUCTS_DIR; };
		EF7417D2299859430067D085 /* BrazenGamesApp.swift */ = {isa = PBXFileReference; lastKnownFileType = sourcecode.swift; path = BrazenGamesApp.swift; sourceTree = "<group>"; };
		EF7417D4299859430067D085 /* ContentView.swift */ = {isa = PBXFileReference; lastKnownFileType = sourcecode.swift; path = ContentView.swift; sourceTree = "<group>"; };
		EF7417D6299859470067D085 /* Assets.xcassets */ = {isa = PBXFileReference; lastKnownFileType = folder.assetcatalog; path = Assets.xcassets; sourceTree = "<group>"; };
		EF7417D9299859470067D085 /* Preview Assets.xcassets */ = {isa = PBXFileReference; lastKnownFileType = folder.assetcatalog; path = "Preview Assets.xcassets"; sourceTree = "<group>"; };
/* End PBXFileReference section */

/* Begin PBXFrameworksBuildPhase section */
		EF7417CC299859430067D085 /* Frameworks */ = {
			isa = PBXFrameworksBuildPhase;
			buildActionMask = 2147483647;
			files = (
			);
			runOnlyForDeploymentPostprocessing = 0;
		};
/* End PBXFrameworksBuildPhase section */

/* Begin PBXGroup section */
		1789799D29ABC5E90082FD84 /* Extansions */ = {
			isa = PBXGroup;
			children = (
				1789799E29ABC6000082FD84 /* ColorSettings.swift */,
			);
			path = Extansions;
			sourceTree = "<group>";
		};
		178979A429AC0CD40082FD84 /* Components */ = {
			isa = PBXGroup;
			children = (
				178979A929AC14EC0082FD84 /* PlayingCardView.swift */,
				1789799B29ABC1A10082FD84 /* TableGame.swift */,
				178979A529AC10A60082FD84 /* LineNavBar.swift */,
				178979A729AC11CA0082FD84 /* Bet.swift */,
				178979AD29AC36FC0082FD84 /* UserPick.swift */,
				178979AF29AE95FD0082FD84 /* BetStatus.swift */,
				178979B329AEA2940082FD84 /* CardHistoryView.swift */,
				178979B529B164170082FD84 /* ChipsComponents.swift */,
			);
			path = Components;
			sourceTree = "<group>";
		};
		EF390F8F29986E8E002632F2 /* Sounds */ = {
			isa = PBXGroup;
			children = (
				1789799929A3CFAE0082FD84 /* chips.mp3 */,
				EF390F9029986EA9002632F2 /* diceRollSound.mp3 */,
			);
			path = Sounds;
			sourceTree = "<group>";
		};
		EF390F9229987174002632F2 /* Model */ = {
			isa = PBXGroup;
			children = (
				EF390F9529987199002632F2 /* Cards.swift */,
				EF390F9929987A80002632F2 /* Chip.swift */,
			);
			path = Model;
			sourceTree = "<group>";
		};
		EF390F9B29987B70002632F2 /* View */ = {
			isa = PBXGroup;
			children = (
				EF390F9C29987B8F002632F2 /* ChipView.swift */,
				178979A029ABCF040082FD84 /* Lobby.swift */,
				178979A229ABDE0F0082FD84 /* HiLowGameScene.swift */,
			);
			path = View;
			sourceTree = "<group>";
		};
		EF7417C6299859430067D085 = {
			isa = PBXGroup;
			children = (
				178979B129AE9B8B0082FD84 /* ShowCard.swift */,
				178979AB29AC30370082FD84 /* BackSidePlayingCard.swift */,
				EF390FA029996091002632F2 /* HiLo.swift */,
				EF390F9E2999300E002632F2 /* DiceRollGameView.swift */,
				EF7417D1299859430067D085 /* BrazenGames */,
				EF7417D0299859430067D085 /* Products */,
			);
			sourceTree = "<group>";
		};
		EF7417D0299859430067D085 /* Products */ = {
			isa = PBXGroup;
			children = (
				EF7417CF299859430067D085 /* BrazenGames.app */,
			);
			name = Products;
			sourceTree = "<group>";
		};
		EF7417D1299859430067D085 /* BrazenGames */ = {
			isa = PBXGroup;
			children = (
				178979A429AC0CD40082FD84 /* Components */,
				1789799D29ABC5E90082FD84 /* Extansions */,
				EF390F9229987174002632F2 /* Model */,
				EF390F9B29987B70002632F2 /* View */,
				EF390F8F29986E8E002632F2 /* Sounds */,
				EF7417D2299859430067D085 /* BrazenGamesApp.swift */,
				EF7417D4299859430067D085 /* ContentView.swift */,
				EF390F97299876C0002632F2 /* HighLow.swift */,
				EF7417D6299859470067D085 /* Assets.xcassets */,
				EF7417D8299859470067D085 /* Preview Content */,
			);
			path = BrazenGames;
			sourceTree = "<group>";
		};
		EF7417D8299859470067D085 /* Preview Content */ = {
			isa = PBXGroup;
			children = (
				EF7417D9299859470067D085 /* Preview Assets.xcassets */,
			);
			path = "Preview Content";
			sourceTree = "<group>";
		};
/* End PBXGroup section */

/* Begin PBXNativeTarget section */
		EF7417CE299859430067D085 /* BrazenGames */ = {
			isa = PBXNativeTarget;
			buildConfigurationList = EF7417DD299859470067D085 /* Build configuration list for PBXNativeTarget "BrazenGames" */;
			buildPhases = (
				EF7417CB299859430067D085 /* Sources */,
				EF7417CC299859430067D085 /* Frameworks */,
				EF7417CD299859430067D085 /* Resources */,
			);
			buildRules = (
			);
			dependencies = (
			);
			name = BrazenGames;
			productName = BrazenGames;
			productReference = EF7417CF299859430067D085 /* BrazenGames.app */;
			productType = "com.apple.product-type.application";
		};
/* End PBXNativeTarget section */

/* Begin PBXProject section */
		EF7417C7299859430067D085 /* Project object */ = {
			isa = PBXProject;
			attributes = {
				BuildIndependentTargetsInParallel = 1;
				LastSwiftUpdateCheck = 1410;
				LastUpgradeCheck = 1410;
				TargetAttributes = {
					EF7417CE299859430067D085 = {
						CreatedOnToolsVersion = 14.1;
					};
				};
			};
			buildConfigurationList = EF7417CA299859430067D085 /* Build configuration list for PBXProject "BrazenGames" */;
			compatibilityVersion = "Xcode 14.0";
			developmentRegion = en;
			hasScannedForEncodings = 0;
			knownRegions = (
				en,
				Base,
			);
			mainGroup = EF7417C6299859430067D085;
			productRefGroup = EF7417D0299859430067D085 /* Products */;
			projectDirPath = "";
			projectRoot = "";
			targets = (
				EF7417CE299859430067D085 /* BrazenGames */,
			);
		};
/* End PBXProject section */

/* Begin PBXResourcesBuildPhase section */
		EF7417CD299859430067D085 /* Resources */ = {
			isa = PBXResourcesBuildPhase;
			buildActionMask = 2147483647;
			files = (
				EF390F9129986EA9002632F2 /* diceRollSound.mp3 in Resources */,
				EF7417DA299859470067D085 /* Preview Assets.xcassets in Resources */,
				1789799A29A3CFAE0082FD84 /* chips.mp3 in Resources */,
				EF7417D7299859470067D085 /* Assets.xcassets in Resources */,
			);
			runOnlyForDeploymentPostprocessing = 0;
		};
/* End PBXResourcesBuildPhase section */

/* Begin PBXSourcesBuildPhase section */
		EF7417CB299859430067D085 /* Sources */ = {
			isa = PBXSourcesBuildPhase;
			buildActionMask = 2147483647;
			files = (
				EF390F9629987199002632F2 /* Cards.swift in Sources */,
				EF390FA129996091002632F2 /* HiLo.swift in Sources */,
				1789799C29ABC1A10082FD84 /* TableGame.swift in Sources */,
				178979AE29AC36FC0082FD84 /* UserPick.swift in Sources */,
				EF7417D5299859430067D085 /* ContentView.swift in Sources */,
				1789799F29ABC6000082FD84 /* ColorSettings.swift in Sources */,
				EF390F9D29987B8F002632F2 /* ChipView.swift in Sources */,
				178979B629B164170082FD84 /* ChipsComponents.swift in Sources */,
				178979B429AEA2940082FD84 /* CardHistoryView.swift in Sources */,
				EF390F98299876C0002632F2 /* HighLow.swift in Sources */,
				178979A129ABCF040082FD84 /* Lobby.swift in Sources */,
				178979AC29AC30370082FD84 /* BackSidePlayingCard.swift in Sources */,
				178979B229AE9B8B0082FD84 /* ShowCard.swift in Sources */,
				178979A629AC10A60082FD84 /* LineNavBar.swift in Sources */,
				178979B029AE95FD0082FD84 /* BetStatus.swift in Sources */,
				EF390F9A29987A80002632F2 /* Chip.swift in Sources */,
				EF7417D3299859430067D085 /* BrazenGamesApp.swift in Sources */,
				178979A329ABDE0F0082FD84 /* HiLowGameScene.swift in Sources */,
				EF390F9F2999300E002632F2 /* DiceRollGameView.swift in Sources */,
				178979AA29AC14EC0082FD84 /* PlayingCardView.swift in Sources */,
				178979A829AC11CA0082FD84 /* Bet.swift in Sources */,
			);
			runOnlyForDeploymentPostprocessing = 0;
		};
/* End PBXSourcesBuildPhase section */

/* Begin XCBuildConfiguration section */
		EF7417DB299859470067D085 /* Debug */ = {
			isa = XCBuildConfiguration;
			buildSettings = {
				ALWAYS_SEARCH_USER_PATHS = NO;
				CLANG_ANALYZER_NONNULL = YES;
				CLANG_ANALYZER_NUMBER_OBJECT_CONVERSION = YES_AGGRESSIVE;
				CLANG_CXX_LANGUAGE_STANDARD = "gnu++20";
				CLANG_ENABLE_MODULES = YES;
				CLANG_ENABLE_OBJC_ARC = YES;
				CLANG_ENABLE_OBJC_WEAK = YES;
				CLANG_WARN_BLOCK_CAPTURE_AUTORELEASING = YES;
				CLANG_WARN_BOOL_CONVERSION = YES;
				CLANG_WARN_COMMA = YES;
				CLANG_WARN_CONSTANT_CONVERSION = YES;
				CLANG_WARN_DEPRECATED_OBJC_IMPLEMENTATIONS = YES;
				CLANG_WARN_DIRECT_OBJC_ISA_USAGE = YES_ERROR;
				CLANG_WARN_DOCUMENTATION_COMMENTS = YES;
				CLANG_WARN_EMPTY_BODY = YES;
				CLANG_WARN_ENUM_CONVERSION = YES;
				CLANG_WARN_INFINITE_RECURSION = YES;
				CLANG_WARN_INT_CONVERSION = YES;
				CLANG_WARN_NON_LITERAL_NULL_CONVERSION = YES;
				CLANG_WARN_OBJC_IMPLICIT_RETAIN_SELF = YES;
				CLANG_WARN_OBJC_LITERAL_CONVERSION = YES;
				CLANG_WARN_OBJC_ROOT_CLASS = YES_ERROR;
				CLANG_WARN_QUOTED_INCLUDE_IN_FRAMEWORK_HEADER = YES;
				CLANG_WARN_RANGE_LOOP_ANALYSIS = YES;
				CLANG_WARN_STRICT_PROTOTYPES = YES;
				CLANG_WARN_SUSPICIOUS_MOVE = YES;
				CLANG_WARN_UNGUARDED_AVAILABILITY = YES_AGGRESSIVE;
				CLANG_WARN_UNREACHABLE_CODE = YES;
				CLANG_WARN__DUPLICATE_METHOD_MATCH = YES;
				COPY_PHASE_STRIP = NO;
				DEBUG_INFORMATION_FORMAT = dwarf;
				ENABLE_STRICT_OBJC_MSGSEND = YES;
				ENABLE_TESTABILITY = YES;
				GCC_C_LANGUAGE_STANDARD = gnu11;
				GCC_DYNAMIC_NO_PIC = NO;
				GCC_NO_COMMON_BLOCKS = YES;
				GCC_OPTIMIZATION_LEVEL = 0;
				GCC_PREPROCESSOR_DEFINITIONS = (
					"DEBUG=1",
					"$(inherited)",
				);
				GCC_WARN_64_TO_32_BIT_CONVERSION = YES;
				GCC_WARN_ABOUT_RETURN_TYPE = YES_ERROR;
				GCC_WARN_UNDECLARED_SELECTOR = YES;
				GCC_WARN_UNINITIALIZED_AUTOS = YES_AGGRESSIVE;
				GCC_WARN_UNUSED_FUNCTION = YES;
				GCC_WARN_UNUSED_VARIABLE = YES;
				IPHONEOS_DEPLOYMENT_TARGET = 16.1;
				MTL_ENABLE_DEBUG_INFO = INCLUDE_SOURCE;
				MTL_FAST_MATH = YES;
				ONLY_ACTIVE_ARCH = YES;
				SDKROOT = iphoneos;
				SWIFT_ACTIVE_COMPILATION_CONDITIONS = DEBUG;
				SWIFT_OPTIMIZATION_LEVEL = "-Onone";
			};
			name = Debug;
		};
		EF7417DC299859470067D085 /* Release */ = {
			isa = XCBuildConfiguration;
			buildSettings = {
				ALWAYS_SEARCH_USER_PATHS = NO;
				CLANG_ANALYZER_NONNULL = YES;
				CLANG_ANALYZER_NUMBER_OBJECT_CONVERSION = YES_AGGRESSIVE;
				CLANG_CXX_LANGUAGE_STANDARD = "gnu++20";
				CLANG_ENABLE_MODULES = YES;
				CLANG_ENABLE_OBJC_ARC = YES;
				CLANG_ENABLE_OBJC_WEAK = YES;
				CLANG_WARN_BLOCK_CAPTURE_AUTORELEASING = YES;
				CLANG_WARN_BOOL_CONVERSION = YES;
				CLANG_WARN_COMMA = YES;
				CLANG_WARN_CONSTANT_CONVERSION = YES;
				CLANG_WARN_DEPRECATED_OBJC_IMPLEMENTATIONS = YES;
				CLANG_WARN_DIRECT_OBJC_ISA_USAGE = YES_ERROR;
				CLANG_WARN_DOCUMENTATION_COMMENTS = YES;
				CLANG_WARN_EMPTY_BODY = YES;
				CLANG_WARN_ENUM_CONVERSION = YES;
				CLANG_WARN_INFINITE_RECURSION = YES;
				CLANG_WARN_INT_CONVERSION = YES;
				CLANG_WARN_NON_LITERAL_NULL_CONVERSION = YES;
				CLANG_WARN_OBJC_IMPLICIT_RETAIN_SELF = YES;
				CLANG_WARN_OBJC_LITERAL_CONVERSION = YES;
				CLANG_WARN_OBJC_ROOT_CLASS = YES_ERROR;
				CLANG_WARN_QUOTED_INCLUDE_IN_FRAMEWORK_HEADER = YES;
				CLANG_WARN_RANGE_LOOP_ANALYSIS = YES;
				CLANG_WARN_STRICT_PROTOTYPES = YES;
				CLANG_WARN_SUSPICIOUS_MOVE = YES;
				CLANG_WARN_UNGUARDED_AVAILABILITY = YES_AGGRESSIVE;
				CLANG_WARN_UNREACHABLE_CODE = YES;
				CLANG_WARN__DUPLICATE_METHOD_MATCH = YES;
				COPY_PHASE_STRIP = NO;
				DEBUG_INFORMATION_FORMAT = "dwarf-with-dsym";
				ENABLE_NS_ASSERTIONS = NO;
				ENABLE_STRICT_OBJC_MSGSEND = YES;
				GCC_C_LANGUAGE_STANDARD = gnu11;
				GCC_NO_COMMON_BLOCKS = YES;
				GCC_WARN_64_TO_32_BIT_CONVERSION = YES;
				GCC_WARN_ABOUT_RETURN_TYPE = YES_ERROR;
				GCC_WARN_UNDECLARED_SELECTOR = YES;
				GCC_WARN_UNINITIALIZED_AUTOS = YES_AGGRESSIVE;
				GCC_WARN_UNUSED_FUNCTION = YES;
				GCC_WARN_UNUSED_VARIABLE = YES;
				IPHONEOS_DEPLOYMENT_TARGET = 16.1;
				MTL_ENABLE_DEBUG_INFO = NO;
				MTL_FAST_MATH = YES;
				SDKROOT = iphoneos;
				SWIFT_COMPILATION_MODE = wholemodule;
				SWIFT_OPTIMIZATION_LEVEL = "-O";
				VALIDATE_PRODUCT = YES;
			};
			name = Release;
		};
		EF7417DE299859470067D085 /* Debug */ = {
			isa = XCBuildConfiguration;
			buildSettings = {
				ASSETCATALOG_COMPILER_APPICON_NAME = AppIcon;
				ASSETCATALOG_COMPILER_GLOBAL_ACCENT_COLOR_NAME = AccentColor;
				CODE_SIGN_STYLE = Automatic;
				CURRENT_PROJECT_VERSION = 1;
				DEVELOPMENT_ASSET_PATHS = "\"BrazenGames/Preview Content\"";
				DEVELOPMENT_TEAM = XJKYMXG9Q8;
				ENABLE_PREVIEWS = YES;
				GENERATE_INFOPLIST_FILE = YES;
				INFOPLIST_KEY_UIApplicationSceneManifest_Generation = YES;
				INFOPLIST_KEY_UIApplicationSupportsIndirectInputEvents = YES;
				INFOPLIST_KEY_UILaunchScreen_Generation = YES;
				INFOPLIST_KEY_UISupportedInterfaceOrientations_iPad = "UIInterfaceOrientationPortrait UIInterfaceOrientationPortraitUpsideDown UIInterfaceOrientationLandscapeLeft UIInterfaceOrientationLandscapeRight";
				INFOPLIST_KEY_UISupportedInterfaceOrientations_iPhone = "UIInterfaceOrientationPortrait UIInterfaceOrientationLandscapeLeft UIInterfaceOrientationLandscapeRight";
				LD_RUNPATH_SEARCH_PATHS = (
					"$(inherited)",
					"@executable_path/Frameworks",
				);
				MARKETING_VERSION = 1.0;
				PRODUCT_BUNDLE_IDENTIFIER = swift.haus.BrazenGames;
				PRODUCT_NAME = "$(TARGET_NAME)";
				SWIFT_EMIT_LOC_STRINGS = YES;
				SWIFT_VERSION = 5.0;
				TARGETED_DEVICE_FAMILY = "1,2";
			};
			name = Debug;
		};
		EF7417DF299859470067D085 /* Release */ = {
			isa = XCBuildConfiguration;
			buildSettings = {
				ASSETCATALOG_COMPILER_APPICON_NAME = AppIcon;
				ASSETCATALOG_COMPILER_GLOBAL_ACCENT_COLOR_NAME = AccentColor;
				CODE_SIGN_STYLE = Automatic;
				CURRENT_PROJECT_VERSION = 1;
				DEVELOPMENT_ASSET_PATHS = "\"BrazenGames/Preview Content\"";
				DEVELOPMENT_TEAM = XJKYMXG9Q8;
				ENABLE_PREVIEWS = YES;
				GENERATE_INFOPLIST_FILE = YES;
				INFOPLIST_KEY_UIApplicationSceneManifest_Generation = YES;
				INFOPLIST_KEY_UIApplicationSupportsIndirectInputEvents = YES;
				INFOPLIST_KEY_UILaunchScreen_Generation = YES;
				INFOPLIST_KEY_UISupportedInterfaceOrientations_iPad = "UIInterfaceOrientationPortrait UIInterfaceOrientationPortraitUpsideDown UIInterfaceOrientationLandscapeLeft UIInterfaceOrientationLandscapeRight";
				INFOPLIST_KEY_UISupportedInterfaceOrientations_iPhone = "UIInterfaceOrientationPortrait UIInterfaceOrientationLandscapeLeft UIInterfaceOrientationLandscapeRight";
				LD_RUNPATH_SEARCH_PATHS = (
					"$(inherited)",
					"@executable_path/Frameworks",
				);
				MARKETING_VERSION = 1.0;
				PRODUCT_BUNDLE_IDENTIFIER = swift.haus.BrazenGames;
				PRODUCT_NAME = "$(TARGET_NAME)";
				SWIFT_EMIT_LOC_STRINGS = YES;
				SWIFT_VERSION = 5.0;
				TARGETED_DEVICE_FAMILY = "1,2";
			};
			name = Release;
		};
/* End XCBuildConfiguration section */

/* Begin XCConfigurationList section */
		EF7417CA299859430067D085 /* Build configuration list for PBXProject "BrazenGames" */ = {
			isa = XCConfigurationList;
			buildConfigurations = (
				EF7417DB299859470067D085 /* Debug */,
				EF7417DC299859470067D085 /* Release */,
			);
			defaultConfigurationIsVisible = 0;
			defaultConfigurationName = Release;
		};
		EF7417DD299859470067D085 /* Build configuration list for PBXNativeTarget "BrazenGames" */ = {
			isa = XCConfigurationList;
			buildConfigurations = (
				EF7417DE299859470067D085 /* Debug */,
				EF7417DF299859470067D085 /* Release */,
			);
			defaultConfigurationIsVisible = 0;
			defaultConfigurationName = Release;
		};
/* End XCConfigurationList section */
	};
	rootObject = EF7417C7299859430067D085 /* Project object */;
}
